
Microsoft Visual Studio Solution File, Format Version 12.00
# Visual Studio Version 17
VisualStudioVersion = 17.5.33530.505
MinimumVisualStudioVersion = 10.0.40219.1
Project("{FAE04EC0-301F-11D3-BF4B-00C04F79EFBC}") = "ModernUI", "source\ModernUI\ModernUI.csproj", "{8AB6082E-CBD6-4D44-A2D8-D933A96B39E4}"
EndProject
Project("{2150E333-8FDC-42A3-9474-1A3956D46DE8}") = "Payload", "Payload", "{64D126C4-F6D0-42F2-BBEF-0DB9DF2B47FA}"
EndProject
Global
	GlobalSection(SolutionConfigurationPlatforms) = preSolution
		Debug|Any CPU = Debug|Any CPU
		Release|Any CPU = Release|Any CPU
	EndGlobalSection
	GlobalSection(ProjectConfigurationPlatforms) = postSolution
		{8AB6082E-CBD6-4D44-A2D8-D933A96B39E4}.Debug|Any CPU.ActiveCfg = Debug|Any CPU
		{8AB6082E-CBD6-4D44-A2D8-D933A96B39E4}.Debug|Any CPU.Build.0 = Debug|Any CPU
		{8AB6082E-CBD6-4D44-A2D8-D933A96B39E4}.Release|Any CPU.ActiveCfg = Release|Any CPU
		{8AB6082E-CBD6-4D44-A2D8-D933A96B39E4}.Release|Any CPU.Build.0 = Release|Any CPU
	EndGlobalSection
	GlobalSection(SolutionProperties) = preSolution
		HideSolutionNode = FALSE
	EndGlobalSection
	GlobalSection(NestedProjects) = preSolution
		{8AB6082E-CBD6-4D44-A2D8-D933A96B39E4} = {64D126C4-F6D0-42F2-BBEF-0DB9DF2B47FA}
	EndGlobalSection
	GlobalSection(ExtensibilityGlobals) = postSolution
		SolutionGuid = {CC80CC98-5DA4-4136-91BD-1BF338BFAA04}
	EndGlobalSection
EndGlobal
